// !$*UTF8*$!
{
	archiveVersion = 1;
	classes = {
	};
	objectVersion = 56;
	objects = {

/* Begin PBXBuildFile section */
		7202BE512BB5ACC200BBCD2A /* OnboardingPageViewController.swift in Sources */ = {isa = PBXBuildFile; fileRef = 7202BE502BB5ACC200BBCD2A /* OnboardingPageViewController.swift */; };
		7202BE602BB5F01C00BBCD2A /* Localizable.strings in Resources */ = {isa = PBXBuildFile; fileRef = 7202BE5E2BB5F01C00BBCD2A /* Localizable.strings */; };
		7202BE632BB5F02C00BBCD2A /* Localizable.stringsdict in Resources */ = {isa = PBXBuildFile; fileRef = 7202BE612BB5F02C00BBCD2A /* Localizable.stringsdict */; };
		720BBE3D2B16006900888F8A /* AppDelegate.swift in Sources */ = {isa = PBXBuildFile; fileRef = 720BBE3C2B16006900888F8A /* AppDelegate.swift */; };
		720BBE412B16006900888F8A /* TrackersViewController.swift in Sources */ = {isa = PBXBuildFile; fileRef = 720BBE402B16006900888F8A /* TrackersViewController.swift */; };
		720BBE462B16006B00888F8A /* Assets.xcassets in Resources */ = {isa = PBXBuildFile; fileRef = 720BBE452B16006B00888F8A /* Assets.xcassets */; };
		720BBE532B174C5D00888F8A /* TabBarController.swift in Sources */ = {isa = PBXBuildFile; fileRef = 720BBE522B174C5D00888F8A /* TabBarController.swift */; };
		720BBE552B174D4200888F8A /* StatisticsViewController.swift in Sources */ = {isa = PBXBuildFile; fileRef = 720BBE542B174D4200888F8A /* StatisticsViewController.swift */; };
		721177FD2B4AD7BB005727A3 /* Tracker.xcdatamodeld in Sources */ = {isa = PBXBuildFile; fileRef = 721177FB2B4AD7BB005727A3 /* Tracker.xcdatamodeld */; };
		721178002B4AE8DE005727A3 /* TrackerStore.swift in Sources */ = {isa = PBXBuildFile; fileRef = 721177FF2B4AE8DE005727A3 /* TrackerStore.swift */; };
		721178022B4AE8EA005727A3 /* TrackerCategoryStore.swift in Sources */ = {isa = PBXBuildFile; fileRef = 721178012B4AE8EA005727A3 /* TrackerCategoryStore.swift */; };
		721178042B4AE8F4005727A3 /* TrackerRecordStore.swift in Sources */ = {isa = PBXBuildFile; fileRef = 721178032B4AE8F4005727A3 /* TrackerRecordStore.swift */; };
		7224C95F2B5A957500D365AE /* LaunchScreen.storyboard in Resources */ = {isa = PBXBuildFile; fileRef = 7224C95E2B5A957500D365AE /* LaunchScreen.storyboard */; };
		722D10E92B2F47FD00C33462 /* CategoryViewController.swift in Sources */ = {isa = PBXBuildFile; fileRef = 722D10E82B2F47FD00C33462 /* CategoryViewController.swift */; };
		722D10EB2B2F508000C33462 /* NewCategoryViewController.swift in Sources */ = {isa = PBXBuildFile; fileRef = 722D10EA2B2F508000C33462 /* NewCategoryViewController.swift */; };
		7247C8EE2B6AA259005F8EF0 /* OnboardingViewController.swift in Sources */ = {isa = PBXBuildFile; fileRef = 7247C8ED2B6AA259005F8EF0 /* OnboardingViewController.swift */; };
		72600C782B2DB2CB00F4019C /* NewRegularViewController.swift in Sources */ = {isa = PBXBuildFile; fileRef = 72600C772B2DB2CB00F4019C /* NewRegularViewController.swift */; };
		72600C7A2B2DBE3800F4019C /* UITextField+Extension.swift in Sources */ = {isa = PBXBuildFile; fileRef = 72600C792B2DBE3800F4019C /* UITextField+Extension.swift */; };
		72600C7D2B2DDBCC00F4019C /* EventButtonCell.swift in Sources */ = {isa = PBXBuildFile; fileRef = 72600C7C2B2DDBCC00F4019C /* EventButtonCell.swift */; };
		72600C7F2B2DE85D00F4019C /* ScheduleViewController.swift in Sources */ = {isa = PBXBuildFile; fileRef = 72600C7E2B2DE85D00F4019C /* ScheduleViewController.swift */; };
		72600C832B2E26D100F4019C /* Schedule.swift in Sources */ = {isa = PBXBuildFile; fileRef = 72600C822B2E26D100F4019C /* Schedule.swift */; };
		726854542B3302C7004F827D /* TrackerSupplementaryView.swift in Sources */ = {isa = PBXBuildFile; fileRef = 726854532B3302C7004F827D /* TrackerSupplementaryView.swift */; };
		72729BCD2B3CBC780001CF45 /* BaseTrackerViewController.swift in Sources */ = {isa = PBXBuildFile; fileRef = 72729BCC2B3CBC780001CF45 /* BaseTrackerViewController.swift */; };
		72730B392B38B0AA0044F7F8 /* NewIrregularViewController.swift in Sources */ = {isa = PBXBuildFile; fileRef = 72730B382B38B0AA0044F7F8 /* NewIrregularViewController.swift */; };
		727A72A02B30AA88008FFC61 /* CustomTableViewCell.swift in Sources */ = {isa = PBXBuildFile; fileRef = 727A729F2B30AA88008FFC61 /* CustomTableViewCell.swift */; };
		728B6BB82B4D58BA0029A871 /* UIColorMarshalling.swift in Sources */ = {isa = PBXBuildFile; fileRef = 728B6BB72B4D58BA0029A871 /* UIColorMarshalling.swift */; };
		72DB87BE2B29F3F400190ACD /* Tracker.swift in Sources */ = {isa = PBXBuildFile; fileRef = 72DB87BD2B29F3F400190ACD /* Tracker.swift */; };
		72DB87C02B29F40300190ACD /* TrackerCategory.swift in Sources */ = {isa = PBXBuildFile; fileRef = 72DB87BF2B29F40300190ACD /* TrackerCategory.swift */; };
		72DB87C22B29F40E00190ACD /* TrackerRecord.swift in Sources */ = {isa = PBXBuildFile; fileRef = 72DB87C12B29F40E00190ACD /* TrackerRecord.swift */; };
		72E851012B3C24B5003884A6 /* EmojisAndColorsCell.swift in Sources */ = {isa = PBXBuildFile; fileRef = 72E851002B3C24B5003884A6 /* EmojisAndColorsCell.swift */; };
		72E851032B3C24FF003884A6 /* EmojisAndColorsSupplementaryView.swift in Sources */ = {isa = PBXBuildFile; fileRef = 72E851022B3C24FF003884A6 /* EmojisAndColorsSupplementaryView.swift */; };
		72E9E1D12BB351F400E55263 /* CategoryListViewModel.swift in Sources */ = {isa = PBXBuildFile; fileRef = 72E9E1D02BB351F400E55263 /* CategoryListViewModel.swift */; };
		72FB73482B2CB91000092439 /* TrackerCollectionViewCell.swift in Sources */ = {isa = PBXBuildFile; fileRef = 72FB73472B2CB91000092439 /* TrackerCollectionViewCell.swift */; };
		72FB734A2B2CD58800092439 /* CreatingTrackerViewController.swift in Sources */ = {isa = PBXBuildFile; fileRef = 72FB73492B2CD58800092439 /* CreatingTrackerViewController.swift */; };
/* End PBXBuildFile section */

/* Begin PBXFileReference section */
		7202BE502BB5ACC200BBCD2A /* OnboardingPageViewController.swift */ = {isa = PBXFileReference; lastKnownFileType = sourcecode.swift; path = OnboardingPageViewController.swift; sourceTree = "<group>"; };
		7202BE5F2BB5F01C00BBCD2A /* en */ = {isa = PBXFileReference; lastKnownFileType = text.plist.strings; name = en; path = en.lproj/Localizable.strings; sourceTree = "<group>"; };
		7202BE622BB5F02C00BBCD2A /* en */ = {isa = PBXFileReference; lastKnownFileType = text.plist.stringsdict; name = en; path = en.lproj/Localizable.stringsdict; sourceTree = "<group>"; };
		7202BE642BB5F91D00BBCD2A /* kk-KZ */ = {isa = PBXFileReference; lastKnownFileType = text.plist.strings; name = "kk-KZ"; path = "kk-KZ.lproj/Localizable.strings"; sourceTree = "<group>"; };
		7202BE652BB5F91D00BBCD2A /* kk-KZ */ = {isa = PBXFileReference; lastKnownFileType = text.plist.stringsdict; name = "kk-KZ"; path = "kk-KZ.lproj/Localizable.stringsdict"; sourceTree = "<group>"; };
		7202BE662BB5F93200BBCD2A /* ru */ = {isa = PBXFileReference; lastKnownFileType = text.plist.strings; name = ru; path = ru.lproj/Localizable.strings; sourceTree = "<group>"; };
		7202BE672BB5F93200BBCD2A /* ru */ = {isa = PBXFileReference; lastKnownFileType = text.plist.stringsdict; name = ru; path = ru.lproj/Localizable.stringsdict; sourceTree = "<group>"; };
		720BBE392B16006900888F8A /* Tracker.app */ = {isa = PBXFileReference; explicitFileType = wrapper.application; includeInIndex = 0; path = Tracker.app; sourceTree = BUILT_PRODUCTS_DIR; };
		720BBE3C2B16006900888F8A /* AppDelegate.swift */ = {isa = PBXFileReference; lastKnownFileType = sourcecode.swift; path = AppDelegate.swift; sourceTree = "<group>"; };
		720BBE402B16006900888F8A /* TrackersViewController.swift */ = {isa = PBXFileReference; lastKnownFileType = sourcecode.swift; path = TrackersViewController.swift; sourceTree = "<group>"; };
		720BBE452B16006B00888F8A /* Assets.xcassets */ = {isa = PBXFileReference; lastKnownFileType = folder.assetcatalog; path = Assets.xcassets; sourceTree = "<group>"; };
		720BBE4A2B16006B00888F8A /* Info.plist */ = {isa = PBXFileReference; lastKnownFileType = text.plist.xml; path = Info.plist; sourceTree = "<group>"; };
		720BBE522B174C5D00888F8A /* TabBarController.swift */ = {isa = PBXFileReference; lastKnownFileType = sourcecode.swift; path = TabBarController.swift; sourceTree = "<group>"; };
		720BBE542B174D4200888F8A /* StatisticsViewController.swift */ = {isa = PBXFileReference; lastKnownFileType = sourcecode.swift; path = StatisticsViewController.swift; sourceTree = "<group>"; };
		721177FC2B4AD7BB005727A3 /* Tracker.xcdatamodel */ = {isa = PBXFileReference; lastKnownFileType = wrapper.xcdatamodel; path = Tracker.xcdatamodel; sourceTree = "<group>"; };
		721177FF2B4AE8DE005727A3 /* TrackerStore.swift */ = {isa = PBXFileReference; lastKnownFileType = sourcecode.swift; path = TrackerStore.swift; sourceTree = "<group>"; };
		721178012B4AE8EA005727A3 /* TrackerCategoryStore.swift */ = {isa = PBXFileReference; lastKnownFileType = sourcecode.swift; path = TrackerCategoryStore.swift; sourceTree = "<group>"; };
		721178032B4AE8F4005727A3 /* TrackerRecordStore.swift */ = {isa = PBXFileReference; lastKnownFileType = sourcecode.swift; path = TrackerRecordStore.swift; sourceTree = "<group>"; };
		7224C95E2B5A957500D365AE /* LaunchScreen.storyboard */ = {isa = PBXFileReference; lastKnownFileType = file.storyboard; path = LaunchScreen.storyboard; sourceTree = "<group>"; };
		722D10E82B2F47FD00C33462 /* CategoryViewController.swift */ = {isa = PBXFileReference; lastKnownFileType = sourcecode.swift; path = CategoryViewController.swift; sourceTree = "<group>"; };
		722D10EA2B2F508000C33462 /* NewCategoryViewController.swift */ = {isa = PBXFileReference; lastKnownFileType = sourcecode.swift; path = NewCategoryViewController.swift; sourceTree = "<group>"; };
		7247C8ED2B6AA259005F8EF0 /* OnboardingViewController.swift */ = {isa = PBXFileReference; lastKnownFileType = sourcecode.swift; path = OnboardingViewController.swift; sourceTree = "<group>"; };
		72600C772B2DB2CB00F4019C /* NewRegularViewController.swift */ = {isa = PBXFileReference; lastKnownFileType = sourcecode.swift; path = NewRegularViewController.swift; sourceTree = "<group>"; };
		72600C792B2DBE3800F4019C /* UITextField+Extension.swift */ = {isa = PBXFileReference; lastKnownFileType = sourcecode.swift; path = "UITextField+Extension.swift"; sourceTree = "<group>"; };
		72600C7C2B2DDBCC00F4019C /* EventButtonCell.swift */ = {isa = PBXFileReference; lastKnownFileType = sourcecode.swift; path = EventButtonCell.swift; sourceTree = "<group>"; };
		72600C7E2B2DE85D00F4019C /* ScheduleViewController.swift */ = {isa = PBXFileReference; lastKnownFileType = sourcecode.swift; path = ScheduleViewController.swift; sourceTree = "<group>"; };
		72600C822B2E26D100F4019C /* Schedule.swift */ = {isa = PBXFileReference; lastKnownFileType = sourcecode.swift; path = Schedule.swift; sourceTree = "<group>"; };
		726854532B3302C7004F827D /* TrackerSupplementaryView.swift */ = {isa = PBXFileReference; lastKnownFileType = sourcecode.swift; path = TrackerSupplementaryView.swift; sourceTree = "<group>"; };
		72729BCC2B3CBC780001CF45 /* BaseTrackerViewController.swift */ = {isa = PBXFileReference; lastKnownFileType = sourcecode.swift; path = BaseTrackerViewController.swift; sourceTree = "<group>"; };
		72730B382B38B0AA0044F7F8 /* NewIrregularViewController.swift */ = {isa = PBXFileReference; lastKnownFileType = sourcecode.swift; path = NewIrregularViewController.swift; sourceTree = "<group>"; };
		727A729F2B30AA88008FFC61 /* CustomTableViewCell.swift */ = {isa = PBXFileReference; lastKnownFileType = sourcecode.swift; path = CustomTableViewCell.swift; sourceTree = "<group>"; };
		728B6BB72B4D58BA0029A871 /* UIColorMarshalling.swift */ = {isa = PBXFileReference; lastKnownFileType = sourcecode.swift; path = UIColorMarshalling.swift; sourceTree = "<group>"; };
		72DB87BD2B29F3F400190ACD /* Tracker.swift */ = {isa = PBXFileReference; lastKnownFileType = sourcecode.swift; path = Tracker.swift; sourceTree = "<group>"; };
		72DB87BF2B29F40300190ACD /* TrackerCategory.swift */ = {isa = PBXFileReference; lastKnownFileType = sourcecode.swift; path = TrackerCategory.swift; sourceTree = "<group>"; };
		72DB87C12B29F40E00190ACD /* TrackerRecord.swift */ = {isa = PBXFileReference; lastKnownFileType = sourcecode.swift; path = TrackerRecord.swift; sourceTree = "<group>"; };
		72E851002B3C24B5003884A6 /* EmojisAndColorsCell.swift */ = {isa = PBXFileReference; lastKnownFileType = sourcecode.swift; path = EmojisAndColorsCell.swift; sourceTree = "<group>"; };
		72E851022B3C24FF003884A6 /* EmojisAndColorsSupplementaryView.swift */ = {isa = PBXFileReference; lastKnownFileType = sourcecode.swift; path = EmojisAndColorsSupplementaryView.swift; sourceTree = "<group>"; };
		72E9E1D02BB351F400E55263 /* CategoryListViewModel.swift */ = {isa = PBXFileReference; lastKnownFileType = sourcecode.swift; path = CategoryListViewModel.swift; sourceTree = "<group>"; };
		72FB73472B2CB91000092439 /* TrackerCollectionViewCell.swift */ = {isa = PBXFileReference; lastKnownFileType = sourcecode.swift; path = TrackerCollectionViewCell.swift; sourceTree = "<group>"; };
		72FB73492B2CD58800092439 /* CreatingTrackerViewController.swift */ = {isa = PBXFileReference; lastKnownFileType = sourcecode.swift; path = CreatingTrackerViewController.swift; sourceTree = "<group>"; };
/* End PBXFileReference section */

/* Begin PBXFrameworksBuildPhase section */
		720BBE362B16006900888F8A /* Frameworks */ = {
			isa = PBXFrameworksBuildPhase;
			buildActionMask = 2147483647;
			files = (
			);
			runOnlyForDeploymentPostprocessing = 0;
		};
/* End PBXFrameworksBuildPhase section */

/* Begin PBXGroup section */
		7202BE522BB5AEA700BBCD2A /* Onboarding */ = {
			isa = PBXGroup;
			children = (
				7247C8ED2B6AA259005F8EF0 /* OnboardingViewController.swift */,
				7202BE502BB5ACC200BBCD2A /* OnboardingPageViewController.swift */,
			);
			path = Onboarding;
			sourceTree = "<group>";
		};
		7202BE5D2BB5EFFC00BBCD2A /* Resources */ = {
			isa = PBXGroup;
			children = (
				7202BE5E2BB5F01C00BBCD2A /* Localizable.strings */,
				7202BE612BB5F02C00BBCD2A /* Localizable.stringsdict */,
			);
			path = Resources;
			sourceTree = "<group>";
		};
		720BBE302B16006900888F8A = {
			isa = PBXGroup;
			children = (
				720BBE3B2B16006900888F8A /* Tracker */,
				720BBE3A2B16006900888F8A /* Products */,
			);
			sourceTree = "<group>";
		};
		720BBE3A2B16006900888F8A /* Products */ = {
			isa = PBXGroup;
			children = (
				720BBE392B16006900888F8A /* Tracker.app */,
			);
			name = Products;
			sourceTree = "<group>";
		};
		720BBE3B2B16006900888F8A /* Tracker */ = {
			isa = PBXGroup;
			children = (
				720BBE4A2B16006B00888F8A /* Info.plist */,
				720BBE452B16006B00888F8A /* Assets.xcassets */,
				7224C95E2B5A957500D365AE /* LaunchScreen.storyboard */,
				720BBE3C2B16006900888F8A /* AppDelegate.swift */,
				7202BE5D2BB5EFFC00BBCD2A /* Resources */,
				7202BE522BB5AEA700BBCD2A /* Onboarding */,
				720BBE522B174C5D00888F8A /* TabBarController.swift */,
				727A72A22B30AF6B008FFC61 /* Trackers */,
				727A72A32B30AF99008FFC61 /* Statistic */,
				72DB87BC2B29F3E000190ACD /* Models */,
				727A72A12B30AF2D008FFC61 /* Extension */,
				721177FE2B4AE862005727A3 /* CoreData */,
			);
			path = Tracker;
			sourceTree = "<group>";
		};
		721177FE2B4AE862005727A3 /* CoreData */ = {
			isa = PBXGroup;
			children = (
				721177FB2B4AD7BB005727A3 /* Tracker.xcdatamodeld */,
				721177FF2B4AE8DE005727A3 /* TrackerStore.swift */,
				721178012B4AE8EA005727A3 /* TrackerCategoryStore.swift */,
				721178032B4AE8F4005727A3 /* TrackerRecordStore.swift */,
				728B6BB72B4D58BA0029A871 /* UIColorMarshalling.swift */,
			);
			path = CoreData;
			sourceTree = "<group>";
		};
		722D10E62B2F471B00C33462 /* Schedule */ = {
			isa = PBXGroup;
			children = (
				72600C7E2B2DE85D00F4019C /* ScheduleViewController.swift */,
			);
			path = Schedule;
			sourceTree = "<group>";
		};
		722D10E72B2F476B00C33462 /* Category */ = {
			isa = PBXGroup;
			children = (
				722D10E82B2F47FD00C33462 /* CategoryViewController.swift */,
				72E9E1D02BB351F400E55263 /* CategoryListViewModel.swift */,
				722D10EA2B2F508000C33462 /* NewCategoryViewController.swift */,
			);
			path = Category;
			sourceTree = "<group>";
		};
		72600C7B2B2DDAE400F4019C /* Regular */ = {
			isa = PBXGroup;
			children = (
				72600C772B2DB2CB00F4019C /* NewRegularViewController.swift */,
				722D10E62B2F471B00C33462 /* Schedule */,
			);
			path = Regular;
			sourceTree = "<group>";
		};
		726854552B331F8F004F827D /* Creating */ = {
			isa = PBXGroup;
			children = (
				72FB73492B2CD58800092439 /* CreatingTrackerViewController.swift */,
				72729BCC2B3CBC780001CF45 /* BaseTrackerViewController.swift */,
				72600C7B2B2DDAE400F4019C /* Regular */,
				72730B372B38B07D0044F7F8 /* Irregular */,
				722D10E72B2F476B00C33462 /* Category */,
			);
			path = Creating;
			sourceTree = "<group>";
		};
		72730B372B38B07D0044F7F8 /* Irregular */ = {
			isa = PBXGroup;
			children = (
				72730B382B38B0AA0044F7F8 /* NewIrregularViewController.swift */,
			);
			path = Irregular;
			sourceTree = "<group>";
		};
		727A72A12B30AF2D008FFC61 /* Extension */ = {
			isa = PBXGroup;
			children = (
				72600C792B2DBE3800F4019C /* UITextField+Extension.swift */,
			);
			path = Extension;
			sourceTree = "<group>";
		};
		727A72A22B30AF6B008FFC61 /* Trackers */ = {
			isa = PBXGroup;
			children = (
				720BBE402B16006900888F8A /* TrackersViewController.swift */,
				72FC15942B3DC81D00F128A9 /* TrackersCell */,
				726854552B331F8F004F827D /* Creating */,
			);
			path = Trackers;
			sourceTree = "<group>";
		};
		727A72A32B30AF99008FFC61 /* Statistic */ = {
			isa = PBXGroup;
			children = (
				720BBE542B174D4200888F8A /* StatisticsViewController.swift */,
			);
			path = Statistic;
			sourceTree = "<group>";
		};
		72DB87BC2B29F3E000190ACD /* Models */ = {
			isa = PBXGroup;
			children = (
				72DB87BD2B29F3F400190ACD /* Tracker.swift */,
				72DB87BF2B29F40300190ACD /* TrackerCategory.swift */,
				72DB87C12B29F40E00190ACD /* TrackerRecord.swift */,
				72600C822B2E26D100F4019C /* Schedule.swift */,
			);
			path = Models;
			sourceTree = "<group>";
		};
		72FC15942B3DC81D00F128A9 /* TrackersCell */ = {
			isa = PBXGroup;
			children = (
				72FB73472B2CB91000092439 /* TrackerCollectionViewCell.swift */,
				726854532B3302C7004F827D /* TrackerSupplementaryView.swift */,
				72600C7C2B2DDBCC00F4019C /* EventButtonCell.swift */,
				72E851002B3C24B5003884A6 /* EmojisAndColorsCell.swift */,
				72E851022B3C24FF003884A6 /* EmojisAndColorsSupplementaryView.swift */,
				727A729F2B30AA88008FFC61 /* CustomTableViewCell.swift */,
			);
			path = TrackersCell;
			sourceTree = "<group>";
		};
/* End PBXGroup section */

/* Begin PBXNativeTarget section */
		720BBE382B16006900888F8A /* Tracker */ = {
			isa = PBXNativeTarget;
			buildConfigurationList = 720BBE4D2B16006B00888F8A /* Build configuration list for PBXNativeTarget "Tracker" */;
			buildPhases = (
				720BBE352B16006900888F8A /* Sources */,
				720BBE362B16006900888F8A /* Frameworks */,
				720BBE372B16006900888F8A /* Resources */,
			);
			buildRules = (
			);
			dependencies = (
			);
			name = Tracker;
			productName = Tracker;
			productReference = 720BBE392B16006900888F8A /* Tracker.app */;
			productType = "com.apple.product-type.application";
		};
/* End PBXNativeTarget section */

/* Begin PBXProject section */
		720BBE312B16006900888F8A /* Project object */ = {
			isa = PBXProject;
			attributes = {
				BuildIndependentTargetsInParallel = 1;
				LastSwiftUpdateCheck = 1500;
				LastUpgradeCheck = 1500;
				TargetAttributes = {
					720BBE382B16006900888F8A = {
						CreatedOnToolsVersion = 15.0.1;
					};
				};
			};
			buildConfigurationList = 720BBE342B16006900888F8A /* Build configuration list for PBXProject "Tracker" */;
			compatibilityVersion = "Xcode 14.0";
			developmentRegion = en;
			hasScannedForEncodings = 0;
			knownRegions = (
				en,
				Base,
				"kk-KZ",
				ru,
			);
			mainGroup = 720BBE302B16006900888F8A;
			productRefGroup = 720BBE3A2B16006900888F8A /* Products */;
			projectDirPath = "";
			projectRoot = "";
			targets = (
				720BBE382B16006900888F8A /* Tracker */,
			);
		};
/* End PBXProject section */

/* Begin PBXResourcesBuildPhase section */
		720BBE372B16006900888F8A /* Resources */ = {
			isa = PBXResourcesBuildPhase;
			buildActionMask = 2147483647;
			files = (
				720BBE462B16006B00888F8A /* Assets.xcassets in Resources */,
				7202BE632BB5F02C00BBCD2A /* Localizable.stringsdict in Resources */,
				7202BE602BB5F01C00BBCD2A /* Localizable.strings in Resources */,
				7224C95F2B5A957500D365AE /* LaunchScreen.storyboard in Resources */,
			);
			runOnlyForDeploymentPostprocessing = 0;
		};
/* End PBXResourcesBuildPhase section */

/* Begin PBXSourcesBuildPhase section */
		720BBE352B16006900888F8A /* Sources */ = {
			isa = PBXSourcesBuildPhase;
			buildActionMask = 2147483647;
			files = (
				72FB734A2B2CD58800092439 /* CreatingTrackerViewController.swift in Sources */,
				722D10EB2B2F508000C33462 /* NewCategoryViewController.swift in Sources */,
				72DB87BE2B29F3F400190ACD /* Tracker.swift in Sources */,
				726854542B3302C7004F827D /* TrackerSupplementaryView.swift in Sources */,
				722D10E92B2F47FD00C33462 /* CategoryViewController.swift in Sources */,
				721178042B4AE8F4005727A3 /* TrackerRecordStore.swift in Sources */,
				72DB87C22B29F40E00190ACD /* TrackerRecord.swift in Sources */,
				727A72A02B30AA88008FFC61 /* CustomTableViewCell.swift in Sources */,
				72730B392B38B0AA0044F7F8 /* NewIrregularViewController.swift in Sources */,
				72E851012B3C24B5003884A6 /* EmojisAndColorsCell.swift in Sources */,
				720BBE412B16006900888F8A /* TrackersViewController.swift in Sources */,
				7247C8EE2B6AA259005F8EF0 /* OnboardingViewController.swift in Sources */,
				72600C7D2B2DDBCC00F4019C /* EventButtonCell.swift in Sources */,
				72E9E1D12BB351F400E55263 /* CategoryListViewModel.swift in Sources */,
				72E851032B3C24FF003884A6 /* EmojisAndColorsSupplementaryView.swift in Sources */,
				72600C832B2E26D100F4019C /* Schedule.swift in Sources */,
				72600C7F2B2DE85D00F4019C /* ScheduleViewController.swift in Sources */,
				721178002B4AE8DE005727A3 /* TrackerStore.swift in Sources */,
				72600C782B2DB2CB00F4019C /* NewRegularViewController.swift in Sources */,
				721178022B4AE8EA005727A3 /* TrackerCategoryStore.swift in Sources */,
				720BBE3D2B16006900888F8A /* AppDelegate.swift in Sources */,
				72729BCD2B3CBC780001CF45 /* BaseTrackerViewController.swift in Sources */,
				7202BE512BB5ACC200BBCD2A /* OnboardingPageViewController.swift in Sources */,
				72FB73482B2CB91000092439 /* TrackerCollectionViewCell.swift in Sources */,
				721177FD2B4AD7BB005727A3 /* Tracker.xcdatamodeld in Sources */,
				720BBE552B174D4200888F8A /* StatisticsViewController.swift in Sources */,
				720BBE532B174C5D00888F8A /* TabBarController.swift in Sources */,
				72600C7A2B2DBE3800F4019C /* UITextField+Extension.swift in Sources */,
				728B6BB82B4D58BA0029A871 /* UIColorMarshalling.swift in Sources */,
				72DB87C02B29F40300190ACD /* TrackerCategory.swift in Sources */,
			);
			runOnlyForDeploymentPostprocessing = 0;
		};
/* End PBXSourcesBuildPhase section */

/* Begin PBXVariantGroup section */
		7202BE5E2BB5F01C00BBCD2A /* Localizable.strings */ = {
			isa = PBXVariantGroup;
			children = (
				7202BE5F2BB5F01C00BBCD2A /* en */,
				7202BE642BB5F91D00BBCD2A /* kk-KZ */,
				7202BE662BB5F93200BBCD2A /* ru */,
			);
			name = Localizable.strings;
			sourceTree = "<group>";
		};
		7202BE612BB5F02C00BBCD2A /* Localizable.stringsdict */ = {
			isa = PBXVariantGroup;
			children = (
				7202BE622BB5F02C00BBCD2A /* en */,
				7202BE652BB5F91D00BBCD2A /* kk-KZ */,
				7202BE672BB5F93200BBCD2A /* ru */,
			);
			name = Localizable.stringsdict;
			sourceTree = "<group>";
		};
/* End PBXVariantGroup section */

/* Begin XCBuildConfiguration section */
		720BBE4B2B16006B00888F8A /* Debug */ = {
			isa = XCBuildConfiguration;
			buildSettings = {
				ALWAYS_SEARCH_USER_PATHS = NO;
				ASSETCATALOG_COMPILER_GENERATE_SWIFT_ASSET_SYMBOL_EXTENSIONS = YES;
				CLANG_ANALYZER_LOCALIZABILITY_NONLOCALIZED = YES;
				CLANG_ANALYZER_NONNULL = YES;
				CLANG_ANALYZER_NUMBER_OBJECT_CONVERSION = YES_AGGRESSIVE;
				CLANG_CXX_LANGUAGE_STANDARD = "gnu++20";
				CLANG_ENABLE_MODULES = YES;
				CLANG_ENABLE_OBJC_ARC = YES;
				CLANG_ENABLE_OBJC_WEAK = YES;
				CLANG_WARN_BLOCK_CAPTURE_AUTORELEASING = YES;
				CLANG_WARN_BOOL_CONVERSION = YES;
				CLANG_WARN_COMMA = YES;
				CLANG_WARN_CONSTANT_CONVERSION = YES;
				CLANG_WARN_DEPRECATED_OBJC_IMPLEMENTATIONS = YES;
				CLANG_WARN_DIRECT_OBJC_ISA_USAGE = YES_ERROR;
				CLANG_WARN_DOCUMENTATION_COMMENTS = YES;
				CLANG_WARN_EMPTY_BODY = YES;
				CLANG_WARN_ENUM_CONVERSION = YES;
				CLANG_WARN_INFINITE_RECURSION = YES;
				CLANG_WARN_INT_CONVERSION = YES;
				CLANG_WARN_NON_LITERAL_NULL_CONVERSION = YES;
				CLANG_WARN_OBJC_IMPLICIT_RETAIN_SELF = YES;
				CLANG_WARN_OBJC_LITERAL_CONVERSION = YES;
				CLANG_WARN_OBJC_ROOT_CLASS = YES_ERROR;
				CLANG_WARN_QUOTED_INCLUDE_IN_FRAMEWORK_HEADER = YES;
				CLANG_WARN_RANGE_LOOP_ANALYSIS = YES;
				CLANG_WARN_STRICT_PROTOTYPES = YES;
				CLANG_WARN_SUSPICIOUS_MOVE = YES;
				CLANG_WARN_UNGUARDED_AVAILABILITY = YES_AGGRESSIVE;
				CLANG_WARN_UNREACHABLE_CODE = YES;
				CLANG_WARN__DUPLICATE_METHOD_MATCH = YES;
				COPY_PHASE_STRIP = NO;
				DEBUG_INFORMATION_FORMAT = dwarf;
				ENABLE_STRICT_OBJC_MSGSEND = YES;
				ENABLE_TESTABILITY = YES;
				ENABLE_USER_SCRIPT_SANDBOXING = YES;
				GCC_C_LANGUAGE_STANDARD = gnu17;
				GCC_DYNAMIC_NO_PIC = NO;
				GCC_NO_COMMON_BLOCKS = YES;
				GCC_OPTIMIZATION_LEVEL = 0;
				GCC_PREPROCESSOR_DEFINITIONS = (
					"DEBUG=1",
					"$(inherited)",
				);
				GCC_WARN_64_TO_32_BIT_CONVERSION = YES;
				GCC_WARN_ABOUT_RETURN_TYPE = YES_ERROR;
				GCC_WARN_UNDECLARED_SELECTOR = YES;
				GCC_WARN_UNINITIALIZED_AUTOS = YES_AGGRESSIVE;
				GCC_WARN_UNUSED_FUNCTION = YES;
				GCC_WARN_UNUSED_VARIABLE = YES;
				IPHONEOS_DEPLOYMENT_TARGET = 13.4;
				LOCALIZATION_PREFERS_STRING_CATALOGS = YES;
				MTL_ENABLE_DEBUG_INFO = INCLUDE_SOURCE;
				MTL_FAST_MATH = YES;
				ONLY_ACTIVE_ARCH = YES;
				SDKROOT = iphoneos;
				SWIFT_ACTIVE_COMPILATION_CONDITIONS = "DEBUG $(inherited)";
				SWIFT_OPTIMIZATION_LEVEL = "-Onone";
			};
			name = Debug;
		};
		720BBE4C2B16006B00888F8A /* Release */ = {
			isa = XCBuildConfiguration;
			buildSettings = {
				ALWAYS_SEARCH_USER_PATHS = NO;
				ASSETCATALOG_COMPILER_GENERATE_SWIFT_ASSET_SYMBOL_EXTENSIONS = YES;
				CLANG_ANALYZER_LOCALIZABILITY_NONLOCALIZED = YES;
				CLANG_ANALYZER_NONNULL = YES;
				CLANG_ANALYZER_NUMBER_OBJECT_CONVERSION = YES_AGGRESSIVE;
				CLANG_CXX_LANGUAGE_STANDARD = "gnu++20";
				CLANG_ENABLE_MODULES = YES;
				CLANG_ENABLE_OBJC_ARC = YES;
				CLANG_ENABLE_OBJC_WEAK = YES;
				CLANG_WARN_BLOCK_CAPTURE_AUTORELEASING = YES;
				CLANG_WARN_BOOL_CONVERSION = YES;
				CLANG_WARN_COMMA = YES;
				CLANG_WARN_CONSTANT_CONVERSION = YES;
				CLANG_WARN_DEPRECATED_OBJC_IMPLEMENTATIONS = YES;
				CLANG_WARN_DIRECT_OBJC_ISA_USAGE = YES_ERROR;
				CLANG_WARN_DOCUMENTATION_COMMENTS = YES;
				CLANG_WARN_EMPTY_BODY = YES;
				CLANG_WARN_ENUM_CONVERSION = YES;
				CLANG_WARN_INFINITE_RECURSION = YES;
				CLANG_WARN_INT_CONVERSION = YES;
				CLANG_WARN_NON_LITERAL_NULL_CONVERSION = YES;
				CLANG_WARN_OBJC_IMPLICIT_RETAIN_SELF = YES;
				CLANG_WARN_OBJC_LITERAL_CONVERSION = YES;
				CLANG_WARN_OBJC_ROOT_CLASS = YES_ERROR;
				CLANG_WARN_QUOTED_INCLUDE_IN_FRAMEWORK_HEADER = YES;
				CLANG_WARN_RANGE_LOOP_ANALYSIS = YES;
				CLANG_WARN_STRICT_PROTOTYPES = YES;
				CLANG_WARN_SUSPICIOUS_MOVE = YES;
				CLANG_WARN_UNGUARDED_AVAILABILITY = YES_AGGRESSIVE;
				CLANG_WARN_UNREACHABLE_CODE = YES;
				CLANG_WARN__DUPLICATE_METHOD_MATCH = YES;
				COPY_PHASE_STRIP = NO;
				DEBUG_INFORMATION_FORMAT = "dwarf-with-dsym";
				ENABLE_NS_ASSERTIONS = NO;
				ENABLE_STRICT_OBJC_MSGSEND = YES;
				ENABLE_USER_SCRIPT_SANDBOXING = YES;
				GCC_C_LANGUAGE_STANDARD = gnu17;
				GCC_NO_COMMON_BLOCKS = YES;
				GCC_WARN_64_TO_32_BIT_CONVERSION = YES;
				GCC_WARN_ABOUT_RETURN_TYPE = YES_ERROR;
				GCC_WARN_UNDECLARED_SELECTOR = YES;
				GCC_WARN_UNINITIALIZED_AUTOS = YES_AGGRESSIVE;
				GCC_WARN_UNUSED_FUNCTION = YES;
				GCC_WARN_UNUSED_VARIABLE = YES;
				IPHONEOS_DEPLOYMENT_TARGET = 13.4;
				LOCALIZATION_PREFERS_STRING_CATALOGS = YES;
				MTL_ENABLE_DEBUG_INFO = NO;
				MTL_FAST_MATH = YES;
				SDKROOT = iphoneos;
				SWIFT_COMPILATION_MODE = wholemodule;
				VALIDATE_PRODUCT = YES;
			};
			name = Release;
		};
		720BBE4E2B16006B00888F8A /* Debug */ = {
			isa = XCBuildConfiguration;
			buildSettings = {
				ASSETCATALOG_COMPILER_APPICON_NAME = AppIcon;
				ASSETCATALOG_COMPILER_GLOBAL_ACCENT_COLOR_NAME = AccentColor;
				CODE_SIGN_STYLE = Automatic;
				CURRENT_PROJECT_VERSION = 1;
				DEVELOPMENT_TEAM = HJ5JF3F29D;
				GENERATE_INFOPLIST_FILE = YES;
				INFOPLIST_FILE = Tracker/Info.plist;
				INFOPLIST_KEY_UIApplicationSupportsIndirectInputEvents = YES;
				INFOPLIST_KEY_UILaunchStoryboardName = LaunchScreen;
				INFOPLIST_KEY_UISupportedInterfaceOrientations = UIInterfaceOrientationPortrait;
				IPHONEOS_DEPLOYMENT_TARGET = 13.4;
				LD_RUNPATH_SEARCH_PATHS = (
					"$(inherited)",
					"@executable_path/Frameworks",
				);
				MARKETING_VERSION = 1.0;
				PRODUCT_BUNDLE_IDENTIFIER = com.Dzhabaev.Tracker;
				PRODUCT_NAME = "$(TARGET_NAME)";
				SUPPORTED_PLATFORMS = "iphoneos iphonesimulator";
				SUPPORTS_MACCATALYST = NO;
				SUPPORTS_MAC_DESIGNED_FOR_IPHONE_IPAD = NO;
				SUPPORTS_XR_DESIGNED_FOR_IPHONE_IPAD = NO;
				SWIFT_EMIT_LOC_STRINGS = YES;
				SWIFT_VERSION = 5.0;
				TARGETED_DEVICE_FAMILY = 1;
			};
			name = Debug;
		};
		720BBE4F2B16006B00888F8A /* Release */ = {
			isa = XCBuildConfiguration;
			buildSettings = {
				ASSETCATALOG_COMPILER_APPICON_NAME = AppIcon;
				ASSETCATALOG_COMPILER_GLOBAL_ACCENT_COLOR_NAME = AccentColor;
				CODE_SIGN_STYLE = Automatic;
				CURRENT_PROJECT_VERSION = 1;
				DEVELOPMENT_TEAM = HJ5JF3F29D;
				GENERATE_INFOPLIST_FILE = YES;
				INFOPLIST_FILE = Tracker/Info.plist;
				INFOPLIST_KEY_UIApplicationSupportsIndirectInputEvents = YES;
				INFOPLIST_KEY_UILaunchStoryboardName = LaunchScreen;
				INFOPLIST_KEY_UISupportedInterfaceOrientations = UIInterfaceOrientationPortrait;
				IPHONEOS_DEPLOYMENT_TARGET = 13.4;
				LD_RUNPATH_SEARCH_PATHS = (
					"$(inherited)",
					"@executable_path/Frameworks",
				);
				MARKETING_VERSION = 1.0;
				PRODUCT_BUNDLE_IDENTIFIER = com.Dzhabaev.Tracker;
				PRODUCT_NAME = "$(TARGET_NAME)";
				SUPPORTED_PLATFORMS = "iphoneos iphonesimulator";
				SUPPORTS_MACCATALYST = NO;
				SUPPORTS_MAC_DESIGNED_FOR_IPHONE_IPAD = NO;
				SUPPORTS_XR_DESIGNED_FOR_IPHONE_IPAD = NO;
				SWIFT_EMIT_LOC_STRINGS = YES;
				SWIFT_VERSION = 5.0;
				TARGETED_DEVICE_FAMILY = 1;
			};
			name = Release;
		};
/* End XCBuildConfiguration section */

/* Begin XCConfigurationList section */
		720BBE342B16006900888F8A /* Build configuration list for PBXProject "Tracker" */ = {
			isa = XCConfigurationList;
			buildConfigurations = (
				720BBE4B2B16006B00888F8A /* Debug */,
				720BBE4C2B16006B00888F8A /* Release */,
			);
			defaultConfigurationIsVisible = 0;
			defaultConfigurationName = Release;
		};
		720BBE4D2B16006B00888F8A /* Build configuration list for PBXNativeTarget "Tracker" */ = {
			isa = XCConfigurationList;
			buildConfigurations = (
				720BBE4E2B16006B00888F8A /* Debug */,
				720BBE4F2B16006B00888F8A /* Release */,
			);
			defaultConfigurationIsVisible = 0;
			defaultConfigurationName = Release;
		};
/* End XCConfigurationList section */

/* Begin XCVersionGroup section */
		721177FB2B4AD7BB005727A3 /* Tracker.xcdatamodeld */ = {
			isa = XCVersionGroup;
			children = (
				721177FC2B4AD7BB005727A3 /* Tracker.xcdatamodel */,
			);
			currentVersion = 721177FC2B4AD7BB005727A3 /* Tracker.xcdatamodel */;
			path = Tracker.xcdatamodeld;
			sourceTree = "<group>";
			versionGroupType = wrapper.xcdatamodel;
		};
/* End XCVersionGroup section */
	};
	rootObject = 720BBE312B16006900888F8A /* Project object */;
}
